
Microsoft Visual Studio Solution File, Format Version 12.00
# Visual Studio Version 16
VisualStudioVersion = 16.0.31410.357
MinimumVisualStudioVersion = 10.0.40219.1
Project("{FAE04EC0-301F-11D3-BF4B-00C04F79EFBC}") = "ApiCatalogoJogos", "ApiCatalogoJogos\ApiCatalogoJogos.csproj", "{9790B92A-CBDE-4509-8DAD-ED51F3ABF396}"
EndProject
Global
	GlobalSection(SolutionConfigurationPlatforms) = preSolution
		Debug|Any CPU = Debug|Any CPU
		Release|Any CPU = Release|Any CPU
	EndGlobalSection
	GlobalSection(ProjectConfigurationPlatforms) = postSolution
		{9790B92A-CBDE-4509-8DAD-ED51F3ABF396}.Debug|Any CPU.ActiveCfg = Debug|Any CPU
		{9790B92A-CBDE-4509-8DAD-ED51F3ABF396}.Debug|Any CPU.Build.0 = Debug|Any CPU
		{9790B92A-CBDE-4509-8DAD-ED51F3ABF396}.Release|Any CPU.ActiveCfg = Release|Any CPU
		{9790B92A-CBDE-4509-8DAD-ED51F3ABF396}.Release|Any CPU.Build.0 = Release|Any CPU
	EndGlobalSection
	GlobalSection(SolutionProperties) = preSolution
		HideSolutionNode = FALSE
	EndGlobalSection
	GlobalSection(ExtensibilityGlobals) = postSolution
		SolutionGuid = {B587A3B6-08C3-449B-827A-05E4DBB2BE73}
	EndGlobalSection
EndGlobal
